
Microsoft Visual Studio Solution File, Format Version 12.00
# Visual Studio Version 17
VisualStudioVersion = 17.11.35219.272
MinimumVisualStudioVersion = 10.0.40219.1
Project("{FAE04EC0-301F-11D3-BF4B-00C04F79EFBC}") = "DVLD_DataAccess", "..\clsDataLayer\DVLD_DataAccess.csproj", "{9502E85A-10E3-4F61-8568-95AC7F4EEED3}"
EndProject
Project("{FAE04EC0-301F-11D3-BF4B-00C04F79EFBC}") = "DVLD_BusinessLayer", "..\DVLD_BusinessLayer\DVLD_BusinessLayer.csproj", "{BD27236E-F373-4925-836C-B4C98A66788A}"
EndProject
Project("{FAE04EC0-301F-11D3-BF4B-00C04F79EFBC}") = "DVLD", "DVLD\DVLD.csproj", "{34941FD3-ACC0-4955-BA75-576485A1F344}"
EndProject
Global
	GlobalSection(SolutionConfigurationPlatforms) = preSolution
		Debug|Any CPU = Debug|Any CPU
		Release|Any CPU = Release|Any CPU
	EndGlobalSection
	GlobalSection(ProjectConfigurationPlatforms) = postSolution
		{9502E85A-10E3-4F61-8568-95AC7F4EEED3}.Debug|Any CPU.ActiveCfg = Debug|Any CPU
		{9502E85A-10E3-4F61-8568-95AC7F4EEED3}.Debug|Any CPU.Build.0 = Debug|Any CPU
		{9502E85A-10E3-4F61-8568-95AC7F4EEED3}.Release|Any CPU.ActiveCfg = Release|Any CPU
		{9502E85A-10E3-4F61-8568-95AC7F4EEED3}.Release|Any CPU.Build.0 = Release|Any CPU
		{BD27236E-F373-4925-836C-B4C98A66788A}.Debug|Any CPU.ActiveCfg = Debug|Any CPU
		{BD27236E-F373-4925-836C-B4C98A66788A}.Debug|Any CPU.Build.0 = Debug|Any CPU
		{BD27236E-F373-4925-836C-B4C98A66788A}.Release|Any CPU.ActiveCfg = Release|Any CPU
		{BD27236E-F373-4925-836C-B4C98A66788A}.Release|Any CPU.Build.0 = Release|Any CPU
		{34941FD3-ACC0-4955-BA75-576485A1F344}.Debug|Any CPU.ActiveCfg = Debug|Any CPU
		{34941FD3-ACC0-4955-BA75-576485A1F344}.Debug|Any CPU.Build.0 = Debug|Any CPU
		{34941FD3-ACC0-4955-BA75-576485A1F344}.Release|Any CPU.ActiveCfg = Release|Any CPU
		{34941FD3-ACC0-4955-BA75-576485A1F344}.Release|Any CPU.Build.0 = Release|Any CPU
	EndGlobalSection
	GlobalSection(SolutionProperties) = preSolution
		HideSolutionNode = FALSE
	EndGlobalSection
	GlobalSection(ExtensibilityGlobals) = postSolution
		SolutionGuid = {04BAB85B-6C45-43E9-B255-74F9AF1BDAC5}
	EndGlobalSection
EndGlobal
